// !$*UTF8*$!
{
	archiveVersion = 1;
	classes = {
	};
	objectVersion = 50;
	objects = {

/* Begin PBXBuildFile section */
		CF59906F271C93980084E52E /* Reachability in Frameworks */ = {isa = PBXBuildFile; productRef = CF59906E271C93980084E52E /* Reachability */; };
		CFBB23A0271CB53900956B49 /* RootViewController.swift in Sources */ = {isa = PBXBuildFile; fileRef = CFBB239F271CB53900956B49 /* RootViewController.swift */; };
		CFBB23A6271CB87F00956B49 /* ReachabilityObserver.swift in Sources */ = {isa = PBXBuildFile; fileRef = CFBB23A5271CB87F00956B49 /* ReachabilityObserver.swift */; };
		CFBB23B1271CB97200956B49 /* ReachabilityHandler.swift in Sources */ = {isa = PBXBuildFile; fileRef = CFBB23B0271CB97200956B49 /* ReachabilityHandler.swift */; };
		D9322E8126E3B00900522AFB /* MovieNetworkService.swift in Sources */ = {isa = PBXBuildFile; fileRef = D9322E8026E3B00900522AFB /* MovieNetworkService.swift */; };
		D9322E8326E3B41D00522AFB /* Result.swift in Sources */ = {isa = PBXBuildFile; fileRef = D9322E8226E3B41D00522AFB /* Result.swift */; };
		D9322E8526E3B45100522AFB /* NetworkResponse.swift in Sources */ = {isa = PBXBuildFile; fileRef = D9322E8426E3B45100522AFB /* NetworkResponse.swift */; };
		D9322E8A26E3C21500522AFB /* Constants.swift in Sources */ = {isa = PBXBuildFile; fileRef = D9322E8926E3C21500522AFB /* Constants.swift */; };
		D9322E8C26E3C44000522AFB /* NetworkEnvironment.swift in Sources */ = {isa = PBXBuildFile; fileRef = D9322E8B26E3C44000522AFB /* NetworkEnvironment.swift */; };
		D9322E8F26E3D2C100522AFB /* ImageEndpoint.swift in Sources */ = {isa = PBXBuildFile; fileRef = D9322E8E26E3D2C100522AFB /* ImageEndpoint.swift */; };
		D9322E9126E3D5BE00522AFB /* PosterImageService.swift in Sources */ = {isa = PBXBuildFile; fileRef = D9322E9026E3D5BE00522AFB /* PosterImageService.swift */; };
		D9323E2C26E30F7E00DE497B /* MovieApiResponse.swift in Sources */ = {isa = PBXBuildFile; fileRef = D9323E2B26E30F7E00DE497B /* MovieApiResponse.swift */; };
		D9410B762704B03A0040D6F2 /* NavigationController.swift in Sources */ = {isa = PBXBuildFile; fileRef = D9410B752704B03A0040D6F2 /* NavigationController.swift */; };
		D941AC8226E2787100018E57 /* AppDelegate.swift in Sources */ = {isa = PBXBuildFile; fileRef = D941AC8126E2787100018E57 /* AppDelegate.swift */; };
		D941AC8426E2787100018E57 /* SceneDelegate.swift in Sources */ = {isa = PBXBuildFile; fileRef = D941AC8326E2787100018E57 /* SceneDelegate.swift */; };
		D941AC8926E2787100018E57 /* SodaPopcorn.xcdatamodeld in Sources */ = {isa = PBXBuildFile; fileRef = D941AC8726E2787100018E57 /* SodaPopcorn.xcdatamodeld */; };
		D941AC8B26E2787300018E57 /* Assets.xcassets in Resources */ = {isa = PBXBuildFile; fileRef = D941AC8A26E2787300018E57 /* Assets.xcassets */; };
		D941AC8E26E2787300018E57 /* Preview Assets.xcassets in Resources */ = {isa = PBXBuildFile; fileRef = D941AC8D26E2787300018E57 /* Preview Assets.xcassets */; };
		D941AC9126E2787300018E57 /* LaunchScreen.storyboard in Resources */ = {isa = PBXBuildFile; fileRef = D941AC8F26E2787300018E57 /* LaunchScreen.storyboard */; };
		D941AC9C26E2787400018E57 /* SodaPopcornTests.swift in Sources */ = {isa = PBXBuildFile; fileRef = D941AC9B26E2787400018E57 /* SodaPopcornTests.swift */; };
		D941ACA726E2787400018E57 /* SodaPopcornUITests.swift in Sources */ = {isa = PBXBuildFile; fileRef = D941ACA626E2787400018E57 /* SodaPopcornUITests.swift */; };
		D941ACC526E278EF00018E57 /* ParameterEncoding.swift in Sources */ = {isa = PBXBuildFile; fileRef = D941ACB826E278EF00018E57 /* ParameterEncoding.swift */; };
		D941ACC626E278EF00018E57 /* URLParameterEncoder.swift in Sources */ = {isa = PBXBuildFile; fileRef = D941ACB926E278EF00018E57 /* URLParameterEncoder.swift */; };
		D941ACC726E278EF00018E57 /* JSONParameterEncoder.swift in Sources */ = {isa = PBXBuildFile; fileRef = D941ACBA26E278EF00018E57 /* JSONParameterEncoder.swift */; };
		D941ACC826E278EF00018E57 /* NetworkManager.swift in Sources */ = {isa = PBXBuildFile; fileRef = D941ACBC26E278EF00018E57 /* NetworkManager.swift */; };
		D941ACC926E278EF00018E57 /* MovieEndpoint.swift in Sources */ = {isa = PBXBuildFile; fileRef = D941ACBE26E278EF00018E57 /* MovieEndpoint.swift */; };
		D941ACCA26E278EF00018E57 /* HTTPTask.swift in Sources */ = {isa = PBXBuildFile; fileRef = D941ACC026E278EF00018E57 /* HTTPTask.swift */; };
		D941ACCB26E278EF00018E57 /* HTTPMethod.swift in Sources */ = {isa = PBXBuildFile; fileRef = D941ACC126E278EF00018E57 /* HTTPMethod.swift */; };
		D941ACCD26E278EF00018E57 /* EndPointType.swift in Sources */ = {isa = PBXBuildFile; fileRef = D941ACC326E278EF00018E57 /* EndPointType.swift */; };
		D941ACE526E27A8900018E57 /* NewMoviesListVM.swift in Sources */ = {isa = PBXBuildFile; fileRef = D941ACE226E27A8900018E57 /* NewMoviesListVM.swift */; };
		D941ACE926E27AA800018E57 /* Movie.swift in Sources */ = {isa = PBXBuildFile; fileRef = D941ACE826E27AA800018E57 /* Movie.swift */; };
		D9440BF1270F498E00D01C0A /* MovieDetailsVM.swift in Sources */ = {isa = PBXBuildFile; fileRef = D9440BF0270F498E00D01C0A /* MovieDetailsVM.swift */; };
		D9440BF3270F4AA100D01C0A /* MovieDetailsVC.swift in Sources */ = {isa = PBXBuildFile; fileRef = D9440BF2270F4AA100D01C0A /* MovieDetailsVC.swift */; };
		D9449B3226E4E9E2006B3856 /* Networking.framework in Frameworks */ = {isa = PBXBuildFile; fileRef = D9449B2926E4E9E2006B3856 /* Networking.framework */; };
		D9449B3926E4E9E2006B3856 /* NetworkingTests.swift in Sources */ = {isa = PBXBuildFile; fileRef = D9449B3826E4E9E2006B3856 /* NetworkingTests.swift */; };
		D9449B3B26E4E9E2006B3856 /* Networking.h in Headers */ = {isa = PBXBuildFile; fileRef = D9449B2B26E4E9E2006B3856 /* Networking.h */; settings = {ATTRIBUTES = (Public, ); }; };
		D9449B3E26E4E9E3006B3856 /* Networking.framework in Frameworks */ = {isa = PBXBuildFile; fileRef = D9449B2926E4E9E2006B3856 /* Networking.framework */; };
		D9449B3F26E4E9E3006B3856 /* Networking.framework in Embed Frameworks */ = {isa = PBXBuildFile; fileRef = D9449B2926E4E9E2006B3856 /* Networking.framework */; settings = {ATTRIBUTES = (CodeSignOnCopy, RemoveHeadersOnCopy, ); }; };
		D9449B4B26E4EFA2006B3856 /* AnyPublisher+Create.swift in Sources */ = {isa = PBXBuildFile; fileRef = D9449B4A26E4EFA2006B3856 /* AnyPublisher+Create.swift */; };
		D9509087271096D7003E3D91 /* SectionFooterReusableView.swift in Sources */ = {isa = PBXBuildFile; fileRef = D9509086271096D7003E3D91 /* SectionFooterReusableView.swift */; };
		D975D3C32719181400C81E35 /* CollectionLayout.swift in Sources */ = {isa = PBXBuildFile; fileRef = D975D3C22719181400C81E35 /* CollectionLayout.swift */; };
		D97BCA6126EF9C8100A018EC /* UICollectionView+EmptyView.swift in Sources */ = {isa = PBXBuildFile; fileRef = D97BCA6026EF9C8100A018EC /* UICollectionView+EmptyView.swift */; };
		D97BCA6726EFBE3F00A018EC /* MovieListCollectionViewCell.swift in Sources */ = {isa = PBXBuildFile; fileRef = D97BCA6626EFBE3F00A018EC /* MovieListCollectionViewCell.swift */; };
		D97BCA6B26EFDCA300A018EC /* BaseViewController.swift in Sources */ = {isa = PBXBuildFile; fileRef = D97BCA6A26EFDCA300A018EC /* BaseViewController.swift */; };
		D97BCA6C26EFDED700A018EC /* Localizable.strings in Resources */ = {isa = PBXBuildFile; fileRef = D97BCA6E26EFDED700A018EC /* Localizable.strings */; };
		D97BCA7126EFFE6400A018EC /* MovieEntity+CoreDataProperties.swift in Sources */ = {isa = PBXBuildFile; fileRef = D97BCA7026EFFE6400A018EC /* MovieEntity+CoreDataProperties.swift */; };
		D97BCA7526F031C200A018EC /* Storable.swift in Sources */ = {isa = PBXBuildFile; fileRef = D97BCA7426F031C200A018EC /* Storable.swift */; };
		D97BCA7F26F03D1500A018EC /* MovieService.swift in Sources */ = {isa = PBXBuildFile; fileRef = D97BCA7826F03D1500A018EC /* MovieService.swift */; };
		D985656926E59B5300457264 /* NewMoviesListVC.swift in Sources */ = {isa = PBXBuildFile; fileRef = D985656826E59B5300457264 /* NewMoviesListVC.swift */; };
		D98D22E02715D14F0000A8E2 /* CustomImage.swift in Sources */ = {isa = PBXBuildFile; fileRef = D98D22DF2715D14F0000A8E2 /* CustomImage.swift */; };
		D9A3733326EB8A84004BC68A /* StorageManager.swift in Sources */ = {isa = PBXBuildFile; fileRef = D9A3733226EB8A84004BC68A /* StorageManager.swift */; };
		D9B89D2F26F829C0006E7D5E /* Coordinator.swift in Sources */ = {isa = PBXBuildFile; fileRef = D9B89D2E26F829C0006E7D5E /* Coordinator.swift */; };
		D9B89D3126F829F6006E7D5E /* HomeCoordinator.swift in Sources */ = {isa = PBXBuildFile; fileRef = D9B89D3026F829F6006E7D5E /* HomeCoordinator.swift */; };
		D9B89D3526F82DF2006E7D5E /* HomeVC.swift in Sources */ = {isa = PBXBuildFile; fileRef = D9B89D3426F82DF2006E7D5E /* HomeVC.swift */; };
		D9BBD68A26E71F6900A2C24D /* UIFont+Style.swift in Sources */ = {isa = PBXBuildFile; fileRef = D9BBD68926E71F6900A2C24D /* UIFont+Style.swift */; };
		D9BE6AB7271530E900D69A25 /* NSDirectionalEdgeInsets+Uniform.swift in Sources */ = {isa = PBXBuildFile; fileRef = D9BE6AB6271530E900D69A25 /* NSDirectionalEdgeInsets+Uniform.swift */; };
		D9C517ED271DBB3B009ECE76 /* Reachability.swift in Sources */ = {isa = PBXBuildFile; fileRef = D9C517EC271DBB3B009ECE76 /* Reachability.swift */; };
		D9C97C7E26EADF0100151E2D /* MovieEntity+CoreDataClass.swift in Sources */ = {isa = PBXBuildFile; fileRef = D9C97C7D26EADF0100151E2D /* MovieEntity+CoreDataClass.swift */; };
		D9CB5B2A271C71C4005C542C /* Alert.swift in Sources */ = {isa = PBXBuildFile; fileRef = D9CB5B29271C71C4005C542C /* Alert.swift */; };
		D9E6D38226E8FC28000292D4 /* PlistReaderManager.swift in Sources */ = {isa = PBXBuildFile; fileRef = D9E6D38126E8FC28000292D4 /* PlistReaderManager.swift */; };
		D9E6D38526E9246C000292D4 /* PosterSize.swift in Sources */ = {isa = PBXBuildFile; fileRef = D9E6D38326E9242B000292D4 /* PosterSize.swift */; };
/* End PBXBuildFile section */

/* Begin PBXContainerItemProxy section */
		D941AC9826E2787400018E57 /* PBXContainerItemProxy */ = {
			isa = PBXContainerItemProxy;
			containerPortal = D941AC7626E2787100018E57 /* Project object */;
			proxyType = 1;
			remoteGlobalIDString = D941AC7D26E2787100018E57;
			remoteInfo = SodaPopcorn;
		};
		D941ACA326E2787400018E57 /* PBXContainerItemProxy */ = {
			isa = PBXContainerItemProxy;
			containerPortal = D941AC7626E2787100018E57 /* Project object */;
			proxyType = 1;
			remoteGlobalIDString = D941AC7D26E2787100018E57;
			remoteInfo = SodaPopcorn;
		};
		D9449B3326E4E9E2006B3856 /* PBXContainerItemProxy */ = {
			isa = PBXContainerItemProxy;
			containerPortal = D941AC7626E2787100018E57 /* Project object */;
			proxyType = 1;
			remoteGlobalIDString = D9449B2826E4E9E2006B3856;
			remoteInfo = Networking;
		};
		D9449B3526E4E9E2006B3856 /* PBXContainerItemProxy */ = {
			isa = PBXContainerItemProxy;
			containerPortal = D941AC7626E2787100018E57 /* Project object */;
			proxyType = 1;
			remoteGlobalIDString = D941AC7D26E2787100018E57;
			remoteInfo = SodaPopcorn;
		};
		D9449B3C26E4E9E3006B3856 /* PBXContainerItemProxy */ = {
			isa = PBXContainerItemProxy;
			containerPortal = D941AC7626E2787100018E57 /* Project object */;
			proxyType = 1;
			remoteGlobalIDString = D9449B2826E4E9E2006B3856;
			remoteInfo = Networking;
		};
/* End PBXContainerItemProxy section */

/* Begin PBXCopyFilesBuildPhase section */
		D9449B4326E4E9E3006B3856 /* Embed Frameworks */ = {
			isa = PBXCopyFilesBuildPhase;
			buildActionMask = 2147483647;
			dstPath = "";
			dstSubfolderSpec = 10;
			files = (
				D9449B3F26E4E9E3006B3856 /* Networking.framework in Embed Frameworks */,
			);
			name = "Embed Frameworks";
			runOnlyForDeploymentPostprocessing = 0;
		};
/* End PBXCopyFilesBuildPhase section */

/* Begin PBXFileReference section */
		CFBB239F271CB53900956B49 /* RootViewController.swift */ = {isa = PBXFileReference; lastKnownFileType = sourcecode.swift; path = RootViewController.swift; sourceTree = "<group>"; };
		CFBB23A5271CB87F00956B49 /* ReachabilityObserver.swift */ = {isa = PBXFileReference; lastKnownFileType = sourcecode.swift; path = ReachabilityObserver.swift; sourceTree = "<group>"; };
		CFBB23B0271CB97200956B49 /* ReachabilityHandler.swift */ = {isa = PBXFileReference; lastKnownFileType = sourcecode.swift; path = ReachabilityHandler.swift; sourceTree = "<group>"; };
		D9322E8026E3B00900522AFB /* MovieNetworkService.swift */ = {isa = PBXFileReference; lastKnownFileType = sourcecode.swift; path = MovieNetworkService.swift; sourceTree = "<group>"; };
		D9322E8226E3B41D00522AFB /* Result.swift */ = {isa = PBXFileReference; lastKnownFileType = sourcecode.swift; path = Result.swift; sourceTree = "<group>"; };
		D9322E8426E3B45100522AFB /* NetworkResponse.swift */ = {isa = PBXFileReference; lastKnownFileType = sourcecode.swift; path = NetworkResponse.swift; sourceTree = "<group>"; };
		D9322E8926E3C21500522AFB /* Constants.swift */ = {isa = PBXFileReference; lastKnownFileType = sourcecode.swift; path = Constants.swift; sourceTree = "<group>"; };
		D9322E8B26E3C44000522AFB /* NetworkEnvironment.swift */ = {isa = PBXFileReference; lastKnownFileType = sourcecode.swift; path = NetworkEnvironment.swift; sourceTree = "<group>"; };
		D9322E8E26E3D2C100522AFB /* ImageEndpoint.swift */ = {isa = PBXFileReference; lastKnownFileType = sourcecode.swift; path = ImageEndpoint.swift; sourceTree = "<group>"; };
		D9322E9026E3D5BE00522AFB /* PosterImageService.swift */ = {isa = PBXFileReference; lastKnownFileType = sourcecode.swift; path = PosterImageService.swift; sourceTree = "<group>"; };
		D9323E2B26E30F7E00DE497B /* MovieApiResponse.swift */ = {isa = PBXFileReference; lastKnownFileType = sourcecode.swift; path = MovieApiResponse.swift; sourceTree = "<group>"; };
		D9410B752704B03A0040D6F2 /* NavigationController.swift */ = {isa = PBXFileReference; lastKnownFileType = sourcecode.swift; path = NavigationController.swift; sourceTree = "<group>"; };
		D941AC7E26E2787100018E57 /* SodaPopcorn.app */ = {isa = PBXFileReference; explicitFileType = wrapper.application; includeInIndex = 0; path = SodaPopcorn.app; sourceTree = BUILT_PRODUCTS_DIR; };
		D941AC8126E2787100018E57 /* AppDelegate.swift */ = {isa = PBXFileReference; lastKnownFileType = sourcecode.swift; path = AppDelegate.swift; sourceTree = "<group>"; };
		D941AC8326E2787100018E57 /* SceneDelegate.swift */ = {isa = PBXFileReference; lastKnownFileType = sourcecode.swift; path = SceneDelegate.swift; sourceTree = "<group>"; };
		D941AC8826E2787100018E57 /* SodaPopcorn.xcdatamodel */ = {isa = PBXFileReference; lastKnownFileType = wrapper.xcdatamodel; path = SodaPopcorn.xcdatamodel; sourceTree = "<group>"; };
		D941AC8A26E2787300018E57 /* Assets.xcassets */ = {isa = PBXFileReference; lastKnownFileType = folder.assetcatalog; path = Assets.xcassets; sourceTree = "<group>"; };
		D941AC8D26E2787300018E57 /* Preview Assets.xcassets */ = {isa = PBXFileReference; lastKnownFileType = folder.assetcatalog; path = "Preview Assets.xcassets"; sourceTree = "<group>"; };
		D941AC9026E2787300018E57 /* Base */ = {isa = PBXFileReference; lastKnownFileType = file.storyboard; name = Base; path = Base.lproj/LaunchScreen.storyboard; sourceTree = "<group>"; };
		D941AC9226E2787300018E57 /* Info.plist */ = {isa = PBXFileReference; lastKnownFileType = text.plist.xml; path = Info.plist; sourceTree = "<group>"; };
		D941AC9726E2787400018E57 /* SodaPopcornTests.xctest */ = {isa = PBXFileReference; explicitFileType = wrapper.cfbundle; includeInIndex = 0; path = SodaPopcornTests.xctest; sourceTree = BUILT_PRODUCTS_DIR; };
		D941AC9B26E2787400018E57 /* SodaPopcornTests.swift */ = {isa = PBXFileReference; lastKnownFileType = sourcecode.swift; path = SodaPopcornTests.swift; sourceTree = "<group>"; };
		D941AC9D26E2787400018E57 /* Info.plist */ = {isa = PBXFileReference; lastKnownFileType = text.plist.xml; path = Info.plist; sourceTree = "<group>"; };
		D941ACA226E2787400018E57 /* SodaPopcornUITests.xctest */ = {isa = PBXFileReference; explicitFileType = wrapper.cfbundle; includeInIndex = 0; path = SodaPopcornUITests.xctest; sourceTree = BUILT_PRODUCTS_DIR; };
		D941ACA626E2787400018E57 /* SodaPopcornUITests.swift */ = {isa = PBXFileReference; lastKnownFileType = sourcecode.swift; path = SodaPopcornUITests.swift; sourceTree = "<group>"; };
		D941ACA826E2787400018E57 /* Info.plist */ = {isa = PBXFileReference; lastKnownFileType = text.plist.xml; path = Info.plist; sourceTree = "<group>"; };
		D941ACB826E278EF00018E57 /* ParameterEncoding.swift */ = {isa = PBXFileReference; fileEncoding = 4; lastKnownFileType = sourcecode.swift; path = ParameterEncoding.swift; sourceTree = "<group>"; };
		D941ACB926E278EF00018E57 /* URLParameterEncoder.swift */ = {isa = PBXFileReference; fileEncoding = 4; lastKnownFileType = sourcecode.swift; path = URLParameterEncoder.swift; sourceTree = "<group>"; };
		D941ACBA26E278EF00018E57 /* JSONParameterEncoder.swift */ = {isa = PBXFileReference; fileEncoding = 4; lastKnownFileType = sourcecode.swift; path = JSONParameterEncoder.swift; sourceTree = "<group>"; };
		D941ACBC26E278EF00018E57 /* NetworkManager.swift */ = {isa = PBXFileReference; fileEncoding = 4; lastKnownFileType = sourcecode.swift; path = NetworkManager.swift; sourceTree = "<group>"; };
		D941ACBE26E278EF00018E57 /* MovieEndpoint.swift */ = {isa = PBXFileReference; fileEncoding = 4; lastKnownFileType = sourcecode.swift; path = MovieEndpoint.swift; sourceTree = "<group>"; };
		D941ACC026E278EF00018E57 /* HTTPTask.swift */ = {isa = PBXFileReference; fileEncoding = 4; lastKnownFileType = sourcecode.swift; path = HTTPTask.swift; sourceTree = "<group>"; };
		D941ACC126E278EF00018E57 /* HTTPMethod.swift */ = {isa = PBXFileReference; fileEncoding = 4; lastKnownFileType = sourcecode.swift; path = HTTPMethod.swift; sourceTree = "<group>"; };
		D941ACC326E278EF00018E57 /* EndPointType.swift */ = {isa = PBXFileReference; fileEncoding = 4; lastKnownFileType = sourcecode.swift; path = EndPointType.swift; sourceTree = "<group>"; };
		D941ACE226E27A8900018E57 /* NewMoviesListVM.swift */ = {isa = PBXFileReference; fileEncoding = 4; lastKnownFileType = sourcecode.swift; path = NewMoviesListVM.swift; sourceTree = "<group>"; };
		D941ACE826E27AA800018E57 /* Movie.swift */ = {isa = PBXFileReference; fileEncoding = 4; lastKnownFileType = sourcecode.swift; path = Movie.swift; sourceTree = "<group>"; };
		D9440BF0270F498E00D01C0A /* MovieDetailsVM.swift */ = {isa = PBXFileReference; lastKnownFileType = sourcecode.swift; path = MovieDetailsVM.swift; sourceTree = "<group>"; };
		D9440BF2270F4AA100D01C0A /* MovieDetailsVC.swift */ = {isa = PBXFileReference; lastKnownFileType = sourcecode.swift; path = MovieDetailsVC.swift; sourceTree = "<group>"; };
		D9449B2926E4E9E2006B3856 /* Networking.framework */ = {isa = PBXFileReference; explicitFileType = wrapper.framework; includeInIndex = 0; path = Networking.framework; sourceTree = BUILT_PRODUCTS_DIR; };
		D9449B2B26E4E9E2006B3856 /* Networking.h */ = {isa = PBXFileReference; lastKnownFileType = sourcecode.c.h; path = Networking.h; sourceTree = "<group>"; };
		D9449B2C26E4E9E2006B3856 /* Info.plist */ = {isa = PBXFileReference; lastKnownFileType = text.plist.xml; path = Info.plist; sourceTree = "<group>"; };
		D9449B3126E4E9E2006B3856 /* NetworkingTests.xctest */ = {isa = PBXFileReference; explicitFileType = wrapper.cfbundle; includeInIndex = 0; path = NetworkingTests.xctest; sourceTree = BUILT_PRODUCTS_DIR; };
		D9449B3826E4E9E2006B3856 /* NetworkingTests.swift */ = {isa = PBXFileReference; lastKnownFileType = sourcecode.swift; path = NetworkingTests.swift; sourceTree = "<group>"; };
		D9449B3A26E4E9E2006B3856 /* Info.plist */ = {isa = PBXFileReference; lastKnownFileType = text.plist.xml; path = Info.plist; sourceTree = "<group>"; };
		D9449B4A26E4EFA2006B3856 /* AnyPublisher+Create.swift */ = {isa = PBXFileReference; lastKnownFileType = sourcecode.swift; path = "AnyPublisher+Create.swift"; sourceTree = "<group>"; };
		D9509086271096D7003E3D91 /* SectionFooterReusableView.swift */ = {isa = PBXFileReference; lastKnownFileType = sourcecode.swift; path = SectionFooterReusableView.swift; sourceTree = "<group>"; };
		D975D3C22719181400C81E35 /* CollectionLayout.swift */ = {isa = PBXFileReference; lastKnownFileType = sourcecode.swift; path = CollectionLayout.swift; sourceTree = "<group>"; };
		D97BCA6026EF9C8100A018EC /* UICollectionView+EmptyView.swift */ = {isa = PBXFileReference; lastKnownFileType = sourcecode.swift; path = "UICollectionView+EmptyView.swift"; sourceTree = "<group>"; };
		D97BCA6626EFBE3F00A018EC /* MovieListCollectionViewCell.swift */ = {isa = PBXFileReference; lastKnownFileType = sourcecode.swift; path = MovieListCollectionViewCell.swift; sourceTree = "<group>"; };
		D97BCA6A26EFDCA300A018EC /* BaseViewController.swift */ = {isa = PBXFileReference; lastKnownFileType = sourcecode.swift; path = BaseViewController.swift; sourceTree = "<group>"; };
		D97BCA6D26EFDED700A018EC /* en */ = {isa = PBXFileReference; lastKnownFileType = text.plist.strings; name = en; path = en.lproj/Localizable.strings; sourceTree = "<group>"; };
		D97BCA7026EFFE6400A018EC /* MovieEntity+CoreDataProperties.swift */ = {isa = PBXFileReference; lastKnownFileType = sourcecode.swift; path = "MovieEntity+CoreDataProperties.swift"; sourceTree = "<group>"; };
		D97BCA7426F031C200A018EC /* Storable.swift */ = {isa = PBXFileReference; lastKnownFileType = sourcecode.swift; path = Storable.swift; sourceTree = "<group>"; };
		D97BCA7826F03D1500A018EC /* MovieService.swift */ = {isa = PBXFileReference; fileEncoding = 4; lastKnownFileType = sourcecode.swift; path = MovieService.swift; sourceTree = "<group>"; };
		D97BCA8326F0520C00A018EC /* es */ = {isa = PBXFileReference; lastKnownFileType = text.plist.strings; name = es; path = es.lproj/Localizable.strings; sourceTree = "<group>"; };
		D985656826E59B5300457264 /* NewMoviesListVC.swift */ = {isa = PBXFileReference; lastKnownFileType = sourcecode.swift; path = NewMoviesListVC.swift; sourceTree = "<group>"; };
		D98D22DF2715D14F0000A8E2 /* CustomImage.swift */ = {isa = PBXFileReference; lastKnownFileType = sourcecode.swift; path = CustomImage.swift; sourceTree = "<group>"; };
		D9A3733226EB8A84004BC68A /* StorageManager.swift */ = {isa = PBXFileReference; lastKnownFileType = sourcecode.swift; path = StorageManager.swift; sourceTree = "<group>"; };
		D9B89D2E26F829C0006E7D5E /* Coordinator.swift */ = {isa = PBXFileReference; lastKnownFileType = sourcecode.swift; path = Coordinator.swift; sourceTree = "<group>"; };
		D9B89D3026F829F6006E7D5E /* HomeCoordinator.swift */ = {isa = PBXFileReference; lastKnownFileType = sourcecode.swift; path = HomeCoordinator.swift; sourceTree = "<group>"; };
		D9B89D3426F82DF2006E7D5E /* HomeVC.swift */ = {isa = PBXFileReference; lastKnownFileType = sourcecode.swift; path = HomeVC.swift; sourceTree = "<group>"; };
		D9BBD68926E71F6900A2C24D /* UIFont+Style.swift */ = {isa = PBXFileReference; lastKnownFileType = sourcecode.swift; path = "UIFont+Style.swift"; sourceTree = "<group>"; };
		D9BE6AB6271530E900D69A25 /* NSDirectionalEdgeInsets+Uniform.swift */ = {isa = PBXFileReference; lastKnownFileType = sourcecode.swift; path = "NSDirectionalEdgeInsets+Uniform.swift"; sourceTree = "<group>"; };
		D9C517EC271DBB3B009ECE76 /* Reachability.swift */ = {isa = PBXFileReference; lastKnownFileType = sourcecode.swift; path = Reachability.swift; sourceTree = "<group>"; };
		D9C97C7D26EADF0100151E2D /* MovieEntity+CoreDataClass.swift */ = {isa = PBXFileReference; lastKnownFileType = sourcecode.swift; path = "MovieEntity+CoreDataClass.swift"; sourceTree = "<group>"; };
		D9CB5B29271C71C4005C542C /* Alert.swift */ = {isa = PBXFileReference; lastKnownFileType = sourcecode.swift; path = Alert.swift; sourceTree = "<group>"; };
		D9E6D38126E8FC28000292D4 /* PlistReaderManager.swift */ = {isa = PBXFileReference; lastKnownFileType = sourcecode.swift; path = PlistReaderManager.swift; sourceTree = "<group>"; };
		D9E6D38326E9242B000292D4 /* PosterSize.swift */ = {isa = PBXFileReference; lastKnownFileType = sourcecode.swift; path = PosterSize.swift; sourceTree = "<group>"; };
/* End PBXFileReference section */

/* Begin PBXFrameworksBuildPhase section */
		D941AC7B26E2787100018E57 /* Frameworks */ = {
			isa = PBXFrameworksBuildPhase;
			buildActionMask = 2147483647;
			files = (
				D9449B3E26E4E9E3006B3856 /* Networking.framework in Frameworks */,
				CF59906F271C93980084E52E /* Reachability in Frameworks */,
			);
			runOnlyForDeploymentPostprocessing = 0;
		};
		D941AC9426E2787400018E57 /* Frameworks */ = {
			isa = PBXFrameworksBuildPhase;
			buildActionMask = 2147483647;
			files = (
			);
			runOnlyForDeploymentPostprocessing = 0;
		};
		D941AC9F26E2787400018E57 /* Frameworks */ = {
			isa = PBXFrameworksBuildPhase;
			buildActionMask = 2147483647;
			files = (
			);
			runOnlyForDeploymentPostprocessing = 0;
		};
		D9449B2626E4E9E2006B3856 /* Frameworks */ = {
			isa = PBXFrameworksBuildPhase;
			buildActionMask = 2147483647;
			files = (
			);
			runOnlyForDeploymentPostprocessing = 0;
		};
		D9449B2E26E4E9E2006B3856 /* Frameworks */ = {
			isa = PBXFrameworksBuildPhase;
			buildActionMask = 2147483647;
			files = (
				D9449B3226E4E9E2006B3856 /* Networking.framework in Frameworks */,
			);
			runOnlyForDeploymentPostprocessing = 0;
		};
/* End PBXFrameworksBuildPhase section */

/* Begin PBXGroup section */
		CFBB23AB271CB96500956B49 /* Reachability */ = {
			isa = PBXGroup;
			children = (
				CFBB23B0271CB97200956B49 /* ReachabilityHandler.swift */,
				CFBB23A5271CB87F00956B49 /* ReachabilityObserver.swift */,
			);
			path = Reachability;
			sourceTree = "<group>";
		};
		D9322E7F26E3AFDC00522AFB /* ServiceHelpers */ = {
			isa = PBXGroup;
			children = (
				D9E6D38326E9242B000292D4 /* PosterSize.swift */,
				D941ACC026E278EF00018E57 /* HTTPTask.swift */,
				D941ACC126E278EF00018E57 /* HTTPMethod.swift */,
				D941ACC326E278EF00018E57 /* EndPointType.swift */,
				D9322E8226E3B41D00522AFB /* Result.swift */,
				D9322E8426E3B45100522AFB /* NetworkResponse.swift */,
			);
			path = ServiceHelpers;
			sourceTree = "<group>";
		};
		D9322E8D26E3CA7D00522AFB /* EndPointHelpers */ = {
			isa = PBXGroup;
			children = (
				D9322E8926E3C21500522AFB /* Constants.swift */,
				D9322E8B26E3C44000522AFB /* NetworkEnvironment.swift */,
			);
			path = EndPointHelpers;
			sourceTree = "<group>";
		};
		D9322E9326E3D64000522AFB /* Movie */ = {
			isa = PBXGroup;
			children = (
				D941ACE826E27AA800018E57 /* Movie.swift */,
				D9323E2B26E30F7E00DE497B /* MovieApiResponse.swift */,
			);
			path = Movie;
			sourceTree = "<group>";
		};
		D941AC7526E2787100018E57 = {
			isa = PBXGroup;
			children = (
				D941AC8026E2787100018E57 /* SodaPopcorn */,
				D941AC9A26E2787400018E57 /* SodaPopcornTests */,
				D941ACA526E2787400018E57 /* SodaPopcornUITests */,
				D9449B2A26E4E9E2006B3856 /* Networking */,
				D9449B3726E4E9E2006B3856 /* NetworkingTests */,
				D941AC7F26E2787100018E57 /* Products */,
			);
			sourceTree = "<group>";
		};
		D941AC7F26E2787100018E57 /* Products */ = {
			isa = PBXGroup;
			children = (
				D941AC7E26E2787100018E57 /* SodaPopcorn.app */,
				D941AC9726E2787400018E57 /* SodaPopcornTests.xctest */,
				D941ACA226E2787400018E57 /* SodaPopcornUITests.xctest */,
				D9449B2926E4E9E2006B3856 /* Networking.framework */,
				D9449B3126E4E9E2006B3856 /* NetworkingTests.xctest */,
			);
			name = Products;
			sourceTree = "<group>";
		};
		D941AC8026E2787100018E57 /* SodaPopcorn */ = {
			isa = PBXGroup;
			children = (
				D941AC8126E2787100018E57 /* AppDelegate.swift */,
				D941AC8A26E2787300018E57 /* Assets.xcassets */,
				D9C97C7F26EADFE800151E2D /* Domain */,
				D9449B4926E4EF46006B3856 /* Extensions */,
				D941AC9226E2787300018E57 /* Info.plist */,
				D941AC8F26E2787300018E57 /* LaunchScreen.storyboard */,
				D9B89D2D26F829A8006E7D5E /* Navigation */,
				D941AC8C26E2787300018E57 /* Preview Content */,
				D941AC8326E2787100018E57 /* SceneDelegate.swift */,
				D97BCA7726F03D1500A018EC /* Services */,
				D941AC8726E2787100018E57 /* SodaPopcorn.xcdatamodeld */,
				D941ACD126E279EB00018E57 /* Storage */,
				D941ACD226E27A0100018E57 /* UI */,
				D975D3C42719C41300C81E35 /* Utilities */,
				CFBB23AB271CB96500956B49 /* Reachability */,
			);
			path = SodaPopcorn;
			sourceTree = "<group>";
		};
		D941AC8C26E2787300018E57 /* Preview Content */ = {
			isa = PBXGroup;
			children = (
				D941AC8D26E2787300018E57 /* Preview Assets.xcassets */,
			);
			path = "Preview Content";
			sourceTree = "<group>";
		};
		D941AC9A26E2787400018E57 /* SodaPopcornTests */ = {
			isa = PBXGroup;
			children = (
				D941AC9B26E2787400018E57 /* SodaPopcornTests.swift */,
				D941AC9D26E2787400018E57 /* Info.plist */,
			);
			path = SodaPopcornTests;
			sourceTree = "<group>";
		};
		D941ACA526E2787400018E57 /* SodaPopcornUITests */ = {
			isa = PBXGroup;
			children = (
				D941ACA626E2787400018E57 /* SodaPopcornUITests.swift */,
				D941ACA826E2787400018E57 /* Info.plist */,
			);
			path = SodaPopcornUITests;
			sourceTree = "<group>";
		};
		D941ACB726E278EF00018E57 /* Encoding */ = {
			isa = PBXGroup;
			children = (
				D941ACB826E278EF00018E57 /* ParameterEncoding.swift */,
				D941ACB926E278EF00018E57 /* URLParameterEncoder.swift */,
				D941ACBA26E278EF00018E57 /* JSONParameterEncoder.swift */,
			);
			path = Encoding;
			sourceTree = "<group>";
		};
		D941ACBB26E278EF00018E57 /* Manager */ = {
			isa = PBXGroup;
			children = (
				D941ACBC26E278EF00018E57 /* NetworkManager.swift */,
			);
			path = Manager;
			sourceTree = "<group>";
		};
		D941ACBD26E278EF00018E57 /* EndPoint */ = {
			isa = PBXGroup;
			children = (
				D9322E8D26E3CA7D00522AFB /* EndPointHelpers */,
				D941ACBE26E278EF00018E57 /* MovieEndpoint.swift */,
				D9322E8E26E3D2C100522AFB /* ImageEndpoint.swift */,
			);
			path = EndPoint;
			sourceTree = "<group>";
		};
		D941ACBF26E278EF00018E57 /* Service */ = {
			isa = PBXGroup;
			children = (
				D9322E7F26E3AFDC00522AFB /* ServiceHelpers */,
				D9322E8026E3B00900522AFB /* MovieNetworkService.swift */,
				D9322E9026E3D5BE00522AFB /* PosterImageService.swift */,
			);
			path = Service;
			sourceTree = "<group>";
		};
		D941ACD126E279EB00018E57 /* Storage */ = {
			isa = PBXGroup;
			children = (
				D9C97C6E26EADB7A00151E2D /* CoreData */,
				D9C97C6D26EADB6700151E2D /* PlistManager */,
			);
			path = Storage;
			sourceTree = "<group>";
		};
		D941ACD226E27A0100018E57 /* UI */ = {
			isa = PBXGroup;
			children = (
				D98D22DE2715D0F70000A8E2 /* Common */,
				D9B89D3226F82DD1006E7D5E /* Screens */,
				D97BCA6926EFDC8E00A018EC /* Base */,
				D97BCA6326EFBB6900A018EC /* Localization */,
				D97BCA5F26EF9C5E00A018EC /* Extensions */,
			);
			path = UI;
			sourceTree = "<group>";
		};
		D941ACD326E27A1100018E57 /* Entities */ = {
			isa = PBXGroup;
			children = (
				D9322E9326E3D64000522AFB /* Movie */,
			);
			path = Entities;
			sourceTree = "<group>";
		};
		D941ACE126E27A8900018E57 /* NewMoviesList */ = {
			isa = PBXGroup;
			children = (
				D9EFEA1F26E6ECAA006D9ACA /* CollectionViewCells */,
				D941ACE226E27A8900018E57 /* NewMoviesListVM.swift */,
				D985656826E59B5300457264 /* NewMoviesListVC.swift */,
			);
			path = NewMoviesList;
			sourceTree = "<group>";
		};
		D9440BEF270F495600D01C0A /* MovieDetails */ = {
			isa = PBXGroup;
			children = (
				D9440BF0270F498E00D01C0A /* MovieDetailsVM.swift */,
				D9440BF2270F4AA100D01C0A /* MovieDetailsVC.swift */,
			);
			path = MovieDetails;
			sourceTree = "<group>";
		};
		D9449B2A26E4E9E2006B3856 /* Networking */ = {
			isa = PBXGroup;
			children = (
				D941ACB726E278EF00018E57 /* Encoding */,
				D941ACBB26E278EF00018E57 /* Manager */,
				D941ACBD26E278EF00018E57 /* EndPoint */,
				D941ACBF26E278EF00018E57 /* Service */,
				D9449B2B26E4E9E2006B3856 /* Networking.h */,
				D9449B2C26E4E9E2006B3856 /* Info.plist */,
			);
			path = Networking;
			sourceTree = "<group>";
		};
		D9449B3726E4E9E2006B3856 /* NetworkingTests */ = {
			isa = PBXGroup;
			children = (
				D9449B3826E4E9E2006B3856 /* NetworkingTests.swift */,
				D9449B3A26E4E9E2006B3856 /* Info.plist */,
			);
			path = NetworkingTests;
			sourceTree = "<group>";
		};
		D9449B4926E4EF46006B3856 /* Extensions */ = {
			isa = PBXGroup;
			children = (
				D9449B4A26E4EFA2006B3856 /* AnyPublisher+Create.swift */,
				D9BBD68926E71F6900A2C24D /* UIFont+Style.swift */,
				D9BE6AB6271530E900D69A25 /* NSDirectionalEdgeInsets+Uniform.swift */,
			);
			path = Extensions;
			sourceTree = "<group>";
		};
		D975D3C42719C41300C81E35 /* Utilities */ = {
			isa = PBXGroup;
			children = (
				D9C517EC271DBB3B009ECE76 /* Reachability.swift */,
			);
			path = Utilities;
			sourceTree = "<group>";
		};
		D97BCA5F26EF9C5E00A018EC /* Extensions */ = {
			isa = PBXGroup;
			children = (
				D97BCA6026EF9C8100A018EC /* UICollectionView+EmptyView.swift */,
			);
			path = Extensions;
			sourceTree = "<group>";
		};
		D97BCA6326EFBB6900A018EC /* Localization */ = {
			isa = PBXGroup;
			children = (
				D97BCA6E26EFDED700A018EC /* Localizable.strings */,
			);
			path = Localization;
			sourceTree = "<group>";
		};
		D97BCA6926EFDC8E00A018EC /* Base */ = {
			isa = PBXGroup;
			children = (
				D97BCA6A26EFDCA300A018EC /* BaseViewController.swift */,
				D9410B752704B03A0040D6F2 /* NavigationController.swift */,
				CFBB239F271CB53900956B49 /* RootViewController.swift */,
			);
			path = Base;
			sourceTree = "<group>";
		};
		D97BCA7226F001EF00A018EC /* MovieEntity */ = {
			isa = PBXGroup;
			children = (
				D9C97C7D26EADF0100151E2D /* MovieEntity+CoreDataClass.swift */,
				D97BCA7026EFFE6400A018EC /* MovieEntity+CoreDataProperties.swift */,
			);
			path = MovieEntity;
			sourceTree = "<group>";
		};
		D97BCA7326F031B400A018EC /* Helpers */ = {
			isa = PBXGroup;
			children = (
				D97BCA7426F031C200A018EC /* Storable.swift */,
			);
			path = Helpers;
			sourceTree = "<group>";
		};
		D97BCA7726F03D1500A018EC /* Services */ = {
			isa = PBXGroup;
			children = (
				D97BCA7826F03D1500A018EC /* MovieService.swift */,
			);
			path = Services;
			sourceTree = "<group>";
		};
		D98D22DE2715D0F70000A8E2 /* Common */ = {
			isa = PBXGroup;
			children = (
				D98D22DF2715D14F0000A8E2 /* CustomImage.swift */,
				D975D3C22719181400C81E35 /* CollectionLayout.swift */,
				D9CB5B29271C71C4005C542C /* Alert.swift */,
			);
			path = Common;
			sourceTree = "<group>";
		};
		D9B89D2D26F829A8006E7D5E /* Navigation */ = {
			isa = PBXGroup;
			children = (
				D9B89D2E26F829C0006E7D5E /* Coordinator.swift */,
				D9B89D3026F829F6006E7D5E /* HomeCoordinator.swift */,
			);
			path = Navigation;
			sourceTree = "<group>";
		};
		D9B89D3226F82DD1006E7D5E /* Screens */ = {
			isa = PBXGroup;
			children = (
				D9440BEF270F495600D01C0A /* MovieDetails */,
				D9B89D3326F82DE0006E7D5E /* Home */,
				D941ACE126E27A8900018E57 /* NewMoviesList */,
			);
			path = Screens;
			sourceTree = "<group>";
		};
		D9B89D3326F82DE0006E7D5E /* Home */ = {
			isa = PBXGroup;
			children = (
				D9B89D3426F82DF2006E7D5E /* HomeVC.swift */,
			);
			path = Home;
			sourceTree = "<group>";
		};
		D9C97C6D26EADB6700151E2D /* PlistManager */ = {
			isa = PBXGroup;
			children = (
				D9E6D38126E8FC28000292D4 /* PlistReaderManager.swift */,
			);
			path = PlistManager;
			sourceTree = "<group>";
		};
		D9C97C6E26EADB7A00151E2D /* CoreData */ = {
			isa = PBXGroup;
			children = (
				D97BCA7326F031B400A018EC /* Helpers */,
				D9A3733226EB8A84004BC68A /* StorageManager.swift */,
				D9C97C7C26EADEE600151E2D /* Entities */,
			);
			path = CoreData;
			sourceTree = "<group>";
		};
		D9C97C7C26EADEE600151E2D /* Entities */ = {
			isa = PBXGroup;
			children = (
				D97BCA7226F001EF00A018EC /* MovieEntity */,
			);
			path = Entities;
			sourceTree = "<group>";
		};
		D9C97C7F26EADFE800151E2D /* Domain */ = {
			isa = PBXGroup;
			children = (
				D941ACD326E27A1100018E57 /* Entities */,
			);
			path = Domain;
			sourceTree = "<group>";
		};
		D9EFEA1F26E6ECAA006D9ACA /* CollectionViewCells */ = {
			isa = PBXGroup;
			children = (
				D97BCA6626EFBE3F00A018EC /* MovieListCollectionViewCell.swift */,
				D9509086271096D7003E3D91 /* SectionFooterReusableView.swift */,
			);
			path = CollectionViewCells;
			sourceTree = "<group>";
		};
/* End PBXGroup section */

/* Begin PBXHeadersBuildPhase section */
		D9449B2426E4E9E2006B3856 /* Headers */ = {
			isa = PBXHeadersBuildPhase;
			buildActionMask = 2147483647;
			files = (
				D9449B3B26E4E9E2006B3856 /* Networking.h in Headers */,
			);
			runOnlyForDeploymentPostprocessing = 0;
		};
/* End PBXHeadersBuildPhase section */

/* Begin PBXNativeTarget section */
		D941AC7D26E2787100018E57 /* SodaPopcorn */ = {
			isa = PBXNativeTarget;
			buildConfigurationList = D941ACAB26E2787400018E57 /* Build configuration list for PBXNativeTarget "SodaPopcorn" */;
			buildPhases = (
				D941AC7A26E2787100018E57 /* Sources */,
				D941ACEA26E27B6B00018E57 /* Swiftlint Script */,
				D941AC7B26E2787100018E57 /* Frameworks */,
				D941AC7C26E2787100018E57 /* Resources */,
				D9449B4326E4E9E3006B3856 /* Embed Frameworks */,
			);
			buildRules = (
			);
			dependencies = (
				D9449B3D26E4E9E3006B3856 /* PBXTargetDependency */,
			);
			name = SodaPopcorn;
			packageProductDependencies = (
				CF59906E271C93980084E52E /* Reachability */,
			);
			productName = SodaPopcorn;
			productReference = D941AC7E26E2787100018E57 /* SodaPopcorn.app */;
			productType = "com.apple.product-type.application";
		};
		D941AC9626E2787400018E57 /* SodaPopcornTests */ = {
			isa = PBXNativeTarget;
			buildConfigurationList = D941ACAE26E2787400018E57 /* Build configuration list for PBXNativeTarget "SodaPopcornTests" */;
			buildPhases = (
				D941AC9326E2787400018E57 /* Sources */,
				D941AC9426E2787400018E57 /* Frameworks */,
				D941AC9526E2787400018E57 /* Resources */,
			);
			buildRules = (
			);
			dependencies = (
				D941AC9926E2787400018E57 /* PBXTargetDependency */,
			);
			name = SodaPopcornTests;
			productName = SodaPopcornTests;
			productReference = D941AC9726E2787400018E57 /* SodaPopcornTests.xctest */;
			productType = "com.apple.product-type.bundle.unit-test";
		};
		D941ACA126E2787400018E57 /* SodaPopcornUITests */ = {
			isa = PBXNativeTarget;
			buildConfigurationList = D941ACB126E2787400018E57 /* Build configuration list for PBXNativeTarget "SodaPopcornUITests" */;
			buildPhases = (
				D941AC9E26E2787400018E57 /* Sources */,
				D941AC9F26E2787400018E57 /* Frameworks */,
				D941ACA026E2787400018E57 /* Resources */,
			);
			buildRules = (
			);
			dependencies = (
				D941ACA426E2787400018E57 /* PBXTargetDependency */,
			);
			name = SodaPopcornUITests;
			productName = SodaPopcornUITests;
			productReference = D941ACA226E2787400018E57 /* SodaPopcornUITests.xctest */;
			productType = "com.apple.product-type.bundle.ui-testing";
		};
		D9449B2826E4E9E2006B3856 /* Networking */ = {
			isa = PBXNativeTarget;
			buildConfigurationList = D9449B4026E4E9E3006B3856 /* Build configuration list for PBXNativeTarget "Networking" */;
			buildPhases = (
				D9449B2426E4E9E2006B3856 /* Headers */,
				D9449B2526E4E9E2006B3856 /* Sources */,
				D9449B2626E4E9E2006B3856 /* Frameworks */,
				D9449B2726E4E9E2006B3856 /* Resources */,
			);
			buildRules = (
			);
			dependencies = (
			);
			name = Networking;
			productName = Networking;
			productReference = D9449B2926E4E9E2006B3856 /* Networking.framework */;
			productType = "com.apple.product-type.framework";
		};
		D9449B3026E4E9E2006B3856 /* NetworkingTests */ = {
			isa = PBXNativeTarget;
			buildConfigurationList = D9449B4426E4E9E3006B3856 /* Build configuration list for PBXNativeTarget "NetworkingTests" */;
			buildPhases = (
				D9449B2D26E4E9E2006B3856 /* Sources */,
				D9449B2E26E4E9E2006B3856 /* Frameworks */,
				D9449B2F26E4E9E2006B3856 /* Resources */,
			);
			buildRules = (
			);
			dependencies = (
				D9449B3426E4E9E2006B3856 /* PBXTargetDependency */,
				D9449B3626E4E9E2006B3856 /* PBXTargetDependency */,
			);
			name = NetworkingTests;
			productName = NetworkingTests;
			productReference = D9449B3126E4E9E2006B3856 /* NetworkingTests.xctest */;
			productType = "com.apple.product-type.bundle.unit-test";
		};
/* End PBXNativeTarget section */

/* Begin PBXProject section */
		D941AC7626E2787100018E57 /* Project object */ = {
			isa = PBXProject;
			attributes = {
				LastSwiftUpdateCheck = 1250;
				LastUpgradeCheck = 1250;
				TargetAttributes = {
					D941AC7D26E2787100018E57 = {
						CreatedOnToolsVersion = 12.5.1;
					};
					D941AC9626E2787400018E57 = {
						CreatedOnToolsVersion = 12.5.1;
						TestTargetID = D941AC7D26E2787100018E57;
					};
					D941ACA126E2787400018E57 = {
						CreatedOnToolsVersion = 12.5.1;
						TestTargetID = D941AC7D26E2787100018E57;
					};
					D9449B2826E4E9E2006B3856 = {
						CreatedOnToolsVersion = 12.5.1;
						LastSwiftMigration = 1250;
					};
					D9449B3026E4E9E2006B3856 = {
						CreatedOnToolsVersion = 12.5.1;
						TestTargetID = D941AC7D26E2787100018E57;
					};
				};
			};
			buildConfigurationList = D941AC7926E2787100018E57 /* Build configuration list for PBXProject "SodaPopcorn" */;
			compatibilityVersion = "Xcode 9.3";
			developmentRegion = en;
			hasScannedForEncodings = 0;
			knownRegions = (
				en,
				Base,
				es,
			);
			mainGroup = D941AC7526E2787100018E57;
			packageReferences = (
				CF59906D271C93980084E52E /* XCRemoteSwiftPackageReference "Reachability" */,
			);
			productRefGroup = D941AC7F26E2787100018E57 /* Products */;
			projectDirPath = "";
			projectRoot = "";
			targets = (
				D941AC7D26E2787100018E57 /* SodaPopcorn */,
				D941AC9626E2787400018E57 /* SodaPopcornTests */,
				D941ACA126E2787400018E57 /* SodaPopcornUITests */,
				D9449B2826E4E9E2006B3856 /* Networking */,
				D9449B3026E4E9E2006B3856 /* NetworkingTests */,
			);
		};
/* End PBXProject section */

/* Begin PBXResourcesBuildPhase section */
		D941AC7C26E2787100018E57 /* Resources */ = {
			isa = PBXResourcesBuildPhase;
			buildActionMask = 2147483647;
			files = (
				D941AC9126E2787300018E57 /* LaunchScreen.storyboard in Resources */,
				D97BCA6C26EFDED700A018EC /* Localizable.strings in Resources */,
				D941AC8E26E2787300018E57 /* Preview Assets.xcassets in Resources */,
				D941AC8B26E2787300018E57 /* Assets.xcassets in Resources */,
			);
			runOnlyForDeploymentPostprocessing = 0;
		};
		D941AC9526E2787400018E57 /* Resources */ = {
			isa = PBXResourcesBuildPhase;
			buildActionMask = 2147483647;
			files = (
			);
			runOnlyForDeploymentPostprocessing = 0;
		};
		D941ACA026E2787400018E57 /* Resources */ = {
			isa = PBXResourcesBuildPhase;
			buildActionMask = 2147483647;
			files = (
			);
			runOnlyForDeploymentPostprocessing = 0;
		};
		D9449B2726E4E9E2006B3856 /* Resources */ = {
			isa = PBXResourcesBuildPhase;
			buildActionMask = 2147483647;
			files = (
			);
			runOnlyForDeploymentPostprocessing = 0;
		};
		D9449B2F26E4E9E2006B3856 /* Resources */ = {
			isa = PBXResourcesBuildPhase;
			buildActionMask = 2147483647;
			files = (
			);
			runOnlyForDeploymentPostprocessing = 0;
		};
/* End PBXResourcesBuildPhase section */

/* Begin PBXShellScriptBuildPhase section */
		D941ACEA26E27B6B00018E57 /* Swiftlint Script */ = {
			isa = PBXShellScriptBuildPhase;
			buildActionMask = 2147483647;
			files = (
			);
			inputFileListPaths = (
			);
			inputPaths = (
			);
			name = "Swiftlint Script";
			outputFileListPaths = (
			);
			outputPaths = (
			);
			runOnlyForDeploymentPostprocessing = 0;
			shellPath = /bin/sh;
			shellScript = "if which swiftlint >/dev/null; then\n  swiftlint\nelse\n  echo \"warning: SwiftLint not installed, download from https://github.com/realm/SwiftLint\"\nfi\n";
		};
/* End PBXShellScriptBuildPhase section */

/* Begin PBXSourcesBuildPhase section */
		D941AC7A26E2787100018E57 /* Sources */ = {
			isa = PBXSourcesBuildPhase;
			buildActionMask = 2147483647;
			files = (
				D9322E8326E3B41D00522AFB /* Result.swift in Sources */,
				D9E6D38226E8FC28000292D4 /* PlistReaderManager.swift in Sources */,
				D941ACC826E278EF00018E57 /* NetworkManager.swift in Sources */,
				D9323E2C26E30F7E00DE497B /* MovieApiResponse.swift in Sources */,
				CFBB23B1271CB97200956B49 /* ReachabilityHandler.swift in Sources */,
				D9BBD68A26E71F6900A2C24D /* UIFont+Style.swift in Sources */,
				D985656926E59B5300457264 /* NewMoviesListVC.swift in Sources */,
				D941ACC726E278EF00018E57 /* JSONParameterEncoder.swift in Sources */,
				D97BCA6B26EFDCA300A018EC /* BaseViewController.swift in Sources */,
				D941ACC526E278EF00018E57 /* ParameterEncoding.swift in Sources */,
				D97BCA7526F031C200A018EC /* Storable.swift in Sources */,
				D941AC8926E2787100018E57 /* SodaPopcorn.xcdatamodeld in Sources */,
				D9440BF3270F4AA100D01C0A /* MovieDetailsVC.swift in Sources */,
				D9B89D3526F82DF2006E7D5E /* HomeVC.swift in Sources */,
				D9A3733326EB8A84004BC68A /* StorageManager.swift in Sources */,
				D97BCA6126EF9C8100A018EC /* UICollectionView+EmptyView.swift in Sources */,
				D97BCA7F26F03D1500A018EC /* MovieService.swift in Sources */,
				D941AC8226E2787100018E57 /* AppDelegate.swift in Sources */,
				D9509087271096D7003E3D91 /* SectionFooterReusableView.swift in Sources */,
				D9CB5B2A271C71C4005C542C /* Alert.swift in Sources */,
				D9B89D2F26F829C0006E7D5E /* Coordinator.swift in Sources */,
				D941ACE926E27AA800018E57 /* Movie.swift in Sources */,
				CFBB23A0271CB53900956B49 /* RootViewController.swift in Sources */,
				D9449B4B26E4EFA2006B3856 /* AnyPublisher+Create.swift in Sources */,
				D941AC8426E2787100018E57 /* SceneDelegate.swift in Sources */,
				D941ACCD26E278EF00018E57 /* EndPointType.swift in Sources */,
				D9322E8F26E3D2C100522AFB /* ImageEndpoint.swift in Sources */,
				D9322E8C26E3C44000522AFB /* NetworkEnvironment.swift in Sources */,
				D9BE6AB7271530E900D69A25 /* NSDirectionalEdgeInsets+Uniform.swift in Sources */,
				D97BCA6726EFBE3F00A018EC /* MovieListCollectionViewCell.swift in Sources */,
				D975D3C32719181400C81E35 /* CollectionLayout.swift in Sources */,
				D9322E8A26E3C21500522AFB /* Constants.swift in Sources */,
				D941ACC626E278EF00018E57 /* URLParameterEncoder.swift in Sources */,
				D941ACE526E27A8900018E57 /* NewMoviesListVM.swift in Sources */,
				D97BCA7126EFFE6400A018EC /* MovieEntity+CoreDataProperties.swift in Sources */,
				D98D22E02715D14F0000A8E2 /* CustomImage.swift in Sources */,
				D9322E8126E3B00900522AFB /* MovieNetworkService.swift in Sources */,
				D941ACCA26E278EF00018E57 /* HTTPTask.swift in Sources */,
				D9E6D38526E9246C000292D4 /* PosterSize.swift in Sources */,
				D9440BF1270F498E00D01C0A /* MovieDetailsVM.swift in Sources */,
				D9C517ED271DBB3B009ECE76 /* Reachability.swift in Sources */,
				D9322E8526E3B45100522AFB /* NetworkResponse.swift in Sources */,
				D9322E9126E3D5BE00522AFB /* PosterImageService.swift in Sources */,
				D9410B762704B03A0040D6F2 /* NavigationController.swift in Sources */,
				D9C97C7E26EADF0100151E2D /* MovieEntity+CoreDataClass.swift in Sources */,
				D941ACCB26E278EF00018E57 /* HTTPMethod.swift in Sources */,
				D941ACC926E278EF00018E57 /* MovieEndpoint.swift in Sources */,
				CFBB23A6271CB87F00956B49 /* ReachabilityObserver.swift in Sources */,
				D9B89D3126F829F6006E7D5E /* HomeCoordinator.swift in Sources */,
			);
			runOnlyForDeploymentPostprocessing = 0;
		};
		D941AC9326E2787400018E57 /* Sources */ = {
			isa = PBXSourcesBuildPhase;
			buildActionMask = 2147483647;
			files = (
				D941AC9C26E2787400018E57 /* SodaPopcornTests.swift in Sources */,
			);
			runOnlyForDeploymentPostprocessing = 0;
		};
		D941AC9E26E2787400018E57 /* Sources */ = {
			isa = PBXSourcesBuildPhase;
			buildActionMask = 2147483647;
			files = (
				D941ACA726E2787400018E57 /* SodaPopcornUITests.swift in Sources */,
			);
			runOnlyForDeploymentPostprocessing = 0;
		};
		D9449B2526E4E9E2006B3856 /* Sources */ = {
			isa = PBXSourcesBuildPhase;
			buildActionMask = 2147483647;
			files = (
			);
			runOnlyForDeploymentPostprocessing = 0;
		};
		D9449B2D26E4E9E2006B3856 /* Sources */ = {
			isa = PBXSourcesBuildPhase;
			buildActionMask = 2147483647;
			files = (
				D9449B3926E4E9E2006B3856 /* NetworkingTests.swift in Sources */,
			);
			runOnlyForDeploymentPostprocessing = 0;
		};
/* End PBXSourcesBuildPhase section */

/* Begin PBXTargetDependency section */
		D941AC9926E2787400018E57 /* PBXTargetDependency */ = {
			isa = PBXTargetDependency;
			target = D941AC7D26E2787100018E57 /* SodaPopcorn */;
			targetProxy = D941AC9826E2787400018E57 /* PBXContainerItemProxy */;
		};
		D941ACA426E2787400018E57 /* PBXTargetDependency */ = {
			isa = PBXTargetDependency;
			target = D941AC7D26E2787100018E57 /* SodaPopcorn */;
			targetProxy = D941ACA326E2787400018E57 /* PBXContainerItemProxy */;
		};
		D9449B3426E4E9E2006B3856 /* PBXTargetDependency */ = {
			isa = PBXTargetDependency;
			target = D9449B2826E4E9E2006B3856 /* Networking */;
			targetProxy = D9449B3326E4E9E2006B3856 /* PBXContainerItemProxy */;
		};
		D9449B3626E4E9E2006B3856 /* PBXTargetDependency */ = {
			isa = PBXTargetDependency;
			target = D941AC7D26E2787100018E57 /* SodaPopcorn */;
			targetProxy = D9449B3526E4E9E2006B3856 /* PBXContainerItemProxy */;
		};
		D9449B3D26E4E9E3006B3856 /* PBXTargetDependency */ = {
			isa = PBXTargetDependency;
			target = D9449B2826E4E9E2006B3856 /* Networking */;
			targetProxy = D9449B3C26E4E9E3006B3856 /* PBXContainerItemProxy */;
		};
/* End PBXTargetDependency section */

/* Begin PBXVariantGroup section */
		D941AC8F26E2787300018E57 /* LaunchScreen.storyboard */ = {
			isa = PBXVariantGroup;
			children = (
				D941AC9026E2787300018E57 /* Base */,
			);
			name = LaunchScreen.storyboard;
			sourceTree = "<group>";
		};
		D97BCA6E26EFDED700A018EC /* Localizable.strings */ = {
			isa = PBXVariantGroup;
			children = (
				D97BCA6D26EFDED700A018EC /* en */,
				D97BCA8326F0520C00A018EC /* es */,
			);
			name = Localizable.strings;
			sourceTree = "<group>";
		};
/* End PBXVariantGroup section */

/* Begin XCBuildConfiguration section */
		D941ACA926E2787400018E57 /* Debug */ = {
			isa = XCBuildConfiguration;
			buildSettings = {
				ALWAYS_SEARCH_USER_PATHS = NO;
				CLANG_ANALYZER_LOCALIZABILITY_NONLOCALIZED = YES;
				CLANG_ANALYZER_NONNULL = YES;
				CLANG_ANALYZER_NUMBER_OBJECT_CONVERSION = YES_AGGRESSIVE;
				CLANG_CXX_LANGUAGE_STANDARD = "gnu++14";
				CLANG_CXX_LIBRARY = "libc++";
				CLANG_ENABLE_MODULES = YES;
				CLANG_ENABLE_OBJC_ARC = YES;
				CLANG_ENABLE_OBJC_WEAK = YES;
				CLANG_WARN_BLOCK_CAPTURE_AUTORELEASING = YES;
				CLANG_WARN_BOOL_CONVERSION = YES;
				CLANG_WARN_COMMA = YES;
				CLANG_WARN_CONSTANT_CONVERSION = YES;
				CLANG_WARN_DEPRECATED_OBJC_IMPLEMENTATIONS = YES;
				CLANG_WARN_DIRECT_OBJC_ISA_USAGE = YES_ERROR;
				CLANG_WARN_DOCUMENTATION_COMMENTS = YES;
				CLANG_WARN_EMPTY_BODY = YES;
				CLANG_WARN_ENUM_CONVERSION = YES;
				CLANG_WARN_INFINITE_RECURSION = YES;
				CLANG_WARN_INT_CONVERSION = YES;
				CLANG_WARN_NON_LITERAL_NULL_CONVERSION = YES;
				CLANG_WARN_OBJC_IMPLICIT_RETAIN_SELF = YES;
				CLANG_WARN_OBJC_LITERAL_CONVERSION = YES;
				CLANG_WARN_OBJC_ROOT_CLASS = YES_ERROR;
				CLANG_WARN_QUOTED_INCLUDE_IN_FRAMEWORK_HEADER = YES;
				CLANG_WARN_RANGE_LOOP_ANALYSIS = YES;
				CLANG_WARN_STRICT_PROTOTYPES = YES;
				CLANG_WARN_SUSPICIOUS_MOVE = YES;
				CLANG_WARN_UNGUARDED_AVAILABILITY = YES_AGGRESSIVE;
				CLANG_WARN_UNREACHABLE_CODE = YES;
				CLANG_WARN__DUPLICATE_METHOD_MATCH = YES;
				COPY_PHASE_STRIP = NO;
				DEBUG_INFORMATION_FORMAT = dwarf;
				ENABLE_STRICT_OBJC_MSGSEND = YES;
				ENABLE_TESTABILITY = YES;
				GCC_C_LANGUAGE_STANDARD = gnu11;
				GCC_DYNAMIC_NO_PIC = NO;
				GCC_NO_COMMON_BLOCKS = YES;
				GCC_OPTIMIZATION_LEVEL = 0;
				GCC_PREPROCESSOR_DEFINITIONS = (
					"DEBUG=1",
					"$(inherited)",
				);
				GCC_WARN_64_TO_32_BIT_CONVERSION = YES;
				GCC_WARN_ABOUT_RETURN_TYPE = YES_ERROR;
				GCC_WARN_UNDECLARED_SELECTOR = YES;
				GCC_WARN_UNINITIALIZED_AUTOS = YES_AGGRESSIVE;
				GCC_WARN_UNUSED_FUNCTION = YES;
				GCC_WARN_UNUSED_VARIABLE = YES;
				IPHONEOS_DEPLOYMENT_TARGET = 14.5;
				MTL_ENABLE_DEBUG_INFO = INCLUDE_SOURCE;
				MTL_FAST_MATH = YES;
				ONLY_ACTIVE_ARCH = YES;
				SDKROOT = iphoneos;
				SWIFT_ACTIVE_COMPILATION_CONDITIONS = DEBUG;
				SWIFT_OPTIMIZATION_LEVEL = "-Onone";
			};
			name = Debug;
		};
		D941ACAA26E2787400018E57 /* Release */ = {
			isa = XCBuildConfiguration;
			buildSettings = {
				ALWAYS_SEARCH_USER_PATHS = NO;
				CLANG_ANALYZER_LOCALIZABILITY_NONLOCALIZED = YES;
				CLANG_ANALYZER_NONNULL = YES;
				CLANG_ANALYZER_NUMBER_OBJECT_CONVERSION = YES_AGGRESSIVE;
				CLANG_CXX_LANGUAGE_STANDARD = "gnu++14";
				CLANG_CXX_LIBRARY = "libc++";
				CLANG_ENABLE_MODULES = YES;
				CLANG_ENABLE_OBJC_ARC = YES;
				CLANG_ENABLE_OBJC_WEAK = YES;
				CLANG_WARN_BLOCK_CAPTURE_AUTORELEASING = YES;
				CLANG_WARN_BOOL_CONVERSION = YES;
				CLANG_WARN_COMMA = YES;
				CLANG_WARN_CONSTANT_CONVERSION = YES;
				CLANG_WARN_DEPRECATED_OBJC_IMPLEMENTATIONS = YES;
				CLANG_WARN_DIRECT_OBJC_ISA_USAGE = YES_ERROR;
				CLANG_WARN_DOCUMENTATION_COMMENTS = YES;
				CLANG_WARN_EMPTY_BODY = YES;
				CLANG_WARN_ENUM_CONVERSION = YES;
				CLANG_WARN_INFINITE_RECURSION = YES;
				CLANG_WARN_INT_CONVERSION = YES;
				CLANG_WARN_NON_LITERAL_NULL_CONVERSION = YES;
				CLANG_WARN_OBJC_IMPLICIT_RETAIN_SELF = YES;
				CLANG_WARN_OBJC_LITERAL_CONVERSION = YES;
				CLANG_WARN_OBJC_ROOT_CLASS = YES_ERROR;
				CLANG_WARN_QUOTED_INCLUDE_IN_FRAMEWORK_HEADER = YES;
				CLANG_WARN_RANGE_LOOP_ANALYSIS = YES;
				CLANG_WARN_STRICT_PROTOTYPES = YES;
				CLANG_WARN_SUSPICIOUS_MOVE = YES;
				CLANG_WARN_UNGUARDED_AVAILABILITY = YES_AGGRESSIVE;
				CLANG_WARN_UNREACHABLE_CODE = YES;
				CLANG_WARN__DUPLICATE_METHOD_MATCH = YES;
				COPY_PHASE_STRIP = NO;
				DEBUG_INFORMATION_FORMAT = "dwarf-with-dsym";
				ENABLE_NS_ASSERTIONS = NO;
				ENABLE_STRICT_OBJC_MSGSEND = YES;
				GCC_C_LANGUAGE_STANDARD = gnu11;
				GCC_NO_COMMON_BLOCKS = YES;
				GCC_WARN_64_TO_32_BIT_CONVERSION = YES;
				GCC_WARN_ABOUT_RETURN_TYPE = YES_ERROR;
				GCC_WARN_UNDECLARED_SELECTOR = YES;
				GCC_WARN_UNINITIALIZED_AUTOS = YES_AGGRESSIVE;
				GCC_WARN_UNUSED_FUNCTION = YES;
				GCC_WARN_UNUSED_VARIABLE = YES;
				IPHONEOS_DEPLOYMENT_TARGET = 14.5;
				MTL_ENABLE_DEBUG_INFO = NO;
				MTL_FAST_MATH = YES;
				SDKROOT = iphoneos;
				SWIFT_COMPILATION_MODE = wholemodule;
				SWIFT_OPTIMIZATION_LEVEL = "-O";
				VALIDATE_PRODUCT = YES;
			};
			name = Release;
		};
		D941ACAC26E2787400018E57 /* Debug */ = {
			isa = XCBuildConfiguration;
			buildSettings = {
				ASSETCATALOG_COMPILER_APPICON_NAME = AppIcon;
				ASSETCATALOG_COMPILER_GLOBAL_ACCENT_COLOR_NAME = AccentColor;
				CODE_SIGN_STYLE = Automatic;
				DEVELOPMENT_ASSET_PATHS = "\"SodaPopcorn/Preview Content\"";
				DEVELOPMENT_TEAM = GFG4A69RG7;
				ENABLE_PREVIEWS = YES;
				INFOPLIST_FILE = SodaPopcorn/Info.plist;
				LD_RUNPATH_SEARCH_PATHS = (
					"$(inherited)",
					"@executable_path/Frameworks",
				);
				PRODUCT_BUNDLE_IDENTIFIER = com.automata.sodapopcorn;
				PRODUCT_NAME = "$(TARGET_NAME)";
				SWIFT_VERSION = 5.0;
				TARGETED_DEVICE_FAMILY = 1;
			};
			name = Debug;
		};
		D941ACAD26E2787400018E57 /* Release */ = {
			isa = XCBuildConfiguration;
			buildSettings = {
				ASSETCATALOG_COMPILER_APPICON_NAME = AppIcon;
				ASSETCATALOG_COMPILER_GLOBAL_ACCENT_COLOR_NAME = AccentColor;
				CODE_SIGN_STYLE = Automatic;
				DEVELOPMENT_ASSET_PATHS = "\"SodaPopcorn/Preview Content\"";
				DEVELOPMENT_TEAM = GFG4A69RG7;
				ENABLE_PREVIEWS = YES;
				INFOPLIST_FILE = SodaPopcorn/Info.plist;
				LD_RUNPATH_SEARCH_PATHS = (
					"$(inherited)",
					"@executable_path/Frameworks",
				);
				PRODUCT_BUNDLE_IDENTIFIER = com.automata.sodapopcorn;
				PRODUCT_NAME = "$(TARGET_NAME)";
				SWIFT_VERSION = 5.0;
				TARGETED_DEVICE_FAMILY = 1;
			};
			name = Release;
		};
		D941ACAF26E2787400018E57 /* Debug */ = {
			isa = XCBuildConfiguration;
			buildSettings = {
				ALWAYS_EMBED_SWIFT_STANDARD_LIBRARIES = YES;
				BUNDLE_LOADER = "$(TEST_HOST)";
				CODE_SIGN_STYLE = Automatic;
				DEVELOPMENT_TEAM = GFG4A69RG7;
				INFOPLIST_FILE = SodaPopcornTests/Info.plist;
				IPHONEOS_DEPLOYMENT_TARGET = 14.5;
				LD_RUNPATH_SEARCH_PATHS = (
					"$(inherited)",
					"@executable_path/Frameworks",
					"@loader_path/Frameworks",
				);
				PRODUCT_BUNDLE_IDENTIFIER = com.sodapopcorn.practice.SodaPopcornTests;
				PRODUCT_NAME = "$(TARGET_NAME)";
				SWIFT_VERSION = 5.0;
				TARGETED_DEVICE_FAMILY = "1,2";
				TEST_HOST = "$(BUILT_PRODUCTS_DIR)/SodaPopcorn.app/SodaPopcorn";
			};
			name = Debug;
		};
		D941ACB026E2787400018E57 /* Release */ = {
			isa = XCBuildConfiguration;
			buildSettings = {
				ALWAYS_EMBED_SWIFT_STANDARD_LIBRARIES = YES;
				BUNDLE_LOADER = "$(TEST_HOST)";
				CODE_SIGN_STYLE = Automatic;
				DEVELOPMENT_TEAM = GFG4A69RG7;
				INFOPLIST_FILE = SodaPopcornTests/Info.plist;
				IPHONEOS_DEPLOYMENT_TARGET = 14.5;
				LD_RUNPATH_SEARCH_PATHS = (
					"$(inherited)",
					"@executable_path/Frameworks",
					"@loader_path/Frameworks",
				);
				PRODUCT_BUNDLE_IDENTIFIER = com.sodapopcorn.practice.SodaPopcornTests;
				PRODUCT_NAME = "$(TARGET_NAME)";
				SWIFT_VERSION = 5.0;
				TARGETED_DEVICE_FAMILY = "1,2";
				TEST_HOST = "$(BUILT_PRODUCTS_DIR)/SodaPopcorn.app/SodaPopcorn";
			};
			name = Release;
		};
		D941ACB226E2787400018E57 /* Debug */ = {
			isa = XCBuildConfiguration;
			buildSettings = {
				ALWAYS_EMBED_SWIFT_STANDARD_LIBRARIES = YES;
				CODE_SIGN_STYLE = Automatic;
				DEVELOPMENT_TEAM = GFG4A69RG7;
				INFOPLIST_FILE = SodaPopcornUITests/Info.plist;
				LD_RUNPATH_SEARCH_PATHS = (
					"$(inherited)",
					"@executable_path/Frameworks",
					"@loader_path/Frameworks",
				);
				PRODUCT_BUNDLE_IDENTIFIER = com.sodapopcorn.practice.SodaPopcornUITests;
				PRODUCT_NAME = "$(TARGET_NAME)";
				SWIFT_VERSION = 5.0;
				TARGETED_DEVICE_FAMILY = "1,2";
				TEST_TARGET_NAME = SodaPopcorn;
			};
			name = Debug;
		};
		D941ACB326E2787400018E57 /* Release */ = {
			isa = XCBuildConfiguration;
			buildSettings = {
				ALWAYS_EMBED_SWIFT_STANDARD_LIBRARIES = YES;
				CODE_SIGN_STYLE = Automatic;
				DEVELOPMENT_TEAM = GFG4A69RG7;
				INFOPLIST_FILE = SodaPopcornUITests/Info.plist;
				LD_RUNPATH_SEARCH_PATHS = (
					"$(inherited)",
					"@executable_path/Frameworks",
					"@loader_path/Frameworks",
				);
				PRODUCT_BUNDLE_IDENTIFIER = com.sodapopcorn.practice.SodaPopcornUITests;
				PRODUCT_NAME = "$(TARGET_NAME)";
				SWIFT_VERSION = 5.0;
				TARGETED_DEVICE_FAMILY = "1,2";
				TEST_TARGET_NAME = SodaPopcorn;
			};
			name = Release;
		};
		D9449B4126E4E9E3006B3856 /* Debug */ = {
			isa = XCBuildConfiguration;
			buildSettings = {
				CLANG_ENABLE_MODULES = YES;
				CODE_SIGN_STYLE = Automatic;
				CURRENT_PROJECT_VERSION = 1;
				DEFINES_MODULE = YES;
				DEVELOPMENT_TEAM = GFG4A69RG7;
				DYLIB_COMPATIBILITY_VERSION = 1;
				DYLIB_CURRENT_VERSION = 1;
				DYLIB_INSTALL_NAME_BASE = "@rpath";
				INFOPLIST_FILE = Networking/Info.plist;
				INSTALL_PATH = "$(LOCAL_LIBRARY_DIR)/Frameworks";
				LD_RUNPATH_SEARCH_PATHS = (
					"$(inherited)",
					"@executable_path/Frameworks",
					"@loader_path/Frameworks",
				);
				PRODUCT_BUNDLE_IDENTIFIER = com.sodapopcorn.practice.Networking;
				PRODUCT_NAME = "$(TARGET_NAME:c99extidentifier)";
				SKIP_INSTALL = YES;
				SWIFT_OPTIMIZATION_LEVEL = "-Onone";
				SWIFT_VERSION = 5.0;
				TARGETED_DEVICE_FAMILY = "1,2";
				VERSIONING_SYSTEM = "apple-generic";
				VERSION_INFO_PREFIX = "";
			};
			name = Debug;
		};
		D9449B4226E4E9E3006B3856 /* Release */ = {
			isa = XCBuildConfiguration;
			buildSettings = {
				CLANG_ENABLE_MODULES = YES;
				CODE_SIGN_STYLE = Automatic;
				CURRENT_PROJECT_VERSION = 1;
				DEFINES_MODULE = YES;
				DEVELOPMENT_TEAM = GFG4A69RG7;
				DYLIB_COMPATIBILITY_VERSION = 1;
				DYLIB_CURRENT_VERSION = 1;
				DYLIB_INSTALL_NAME_BASE = "@rpath";
				INFOPLIST_FILE = Networking/Info.plist;
				INSTALL_PATH = "$(LOCAL_LIBRARY_DIR)/Frameworks";
				LD_RUNPATH_SEARCH_PATHS = (
					"$(inherited)",
					"@executable_path/Frameworks",
					"@loader_path/Frameworks",
				);
				PRODUCT_BUNDLE_IDENTIFIER = com.sodapopcorn.practice.Networking;
				PRODUCT_NAME = "$(TARGET_NAME:c99extidentifier)";
				SKIP_INSTALL = YES;
				SWIFT_VERSION = 5.0;
				TARGETED_DEVICE_FAMILY = "1,2";
				VERSIONING_SYSTEM = "apple-generic";
				VERSION_INFO_PREFIX = "";
			};
			name = Release;
		};
		D9449B4526E4E9E3006B3856 /* Debug */ = {
			isa = XCBuildConfiguration;
			buildSettings = {
				CODE_SIGN_STYLE = Automatic;
				DEVELOPMENT_TEAM = GFG4A69RG7;
				INFOPLIST_FILE = NetworkingTests/Info.plist;
				LD_RUNPATH_SEARCH_PATHS = (
					"$(inherited)",
					"@executable_path/Frameworks",
					"@loader_path/Frameworks",
				);
				PRODUCT_BUNDLE_IDENTIFIER = com.sodapopcorn.practice.NetworkingTests;
				PRODUCT_NAME = "$(TARGET_NAME)";
				SWIFT_VERSION = 5.0;
				TARGETED_DEVICE_FAMILY = "1,2";
				TEST_HOST = "$(BUILT_PRODUCTS_DIR)/SodaPopcorn.app/SodaPopcorn";
			};
			name = Debug;
		};
		D9449B4626E4E9E3006B3856 /* Release */ = {
			isa = XCBuildConfiguration;
			buildSettings = {
				CODE_SIGN_STYLE = Automatic;
				DEVELOPMENT_TEAM = GFG4A69RG7;
				INFOPLIST_FILE = NetworkingTests/Info.plist;
				LD_RUNPATH_SEARCH_PATHS = (
					"$(inherited)",
					"@executable_path/Frameworks",
					"@loader_path/Frameworks",
				);
				PRODUCT_BUNDLE_IDENTIFIER = com.sodapopcorn.practice.NetworkingTests;
				PRODUCT_NAME = "$(TARGET_NAME)";
				SWIFT_VERSION = 5.0;
				TARGETED_DEVICE_FAMILY = "1,2";
				TEST_HOST = "$(BUILT_PRODUCTS_DIR)/SodaPopcorn.app/SodaPopcorn";
			};
			name = Release;
		};
/* End XCBuildConfiguration section */

/* Begin XCConfigurationList section */
		D941AC7926E2787100018E57 /* Build configuration list for PBXProject "SodaPopcorn" */ = {
			isa = XCConfigurationList;
			buildConfigurations = (
				D941ACA926E2787400018E57 /* Debug */,
				D941ACAA26E2787400018E57 /* Release */,
			);
			defaultConfigurationIsVisible = 0;
			defaultConfigurationName = Release;
		};
		D941ACAB26E2787400018E57 /* Build configuration list for PBXNativeTarget "SodaPopcorn" */ = {
			isa = XCConfigurationList;
			buildConfigurations = (
				D941ACAC26E2787400018E57 /* Debug */,
				D941ACAD26E2787400018E57 /* Release */,
			);
			defaultConfigurationIsVisible = 0;
			defaultConfigurationName = Release;
		};
		D941ACAE26E2787400018E57 /* Build configuration list for PBXNativeTarget "SodaPopcornTests" */ = {
			isa = XCConfigurationList;
			buildConfigurations = (
				D941ACAF26E2787400018E57 /* Debug */,
				D941ACB026E2787400018E57 /* Release */,
			);
			defaultConfigurationIsVisible = 0;
			defaultConfigurationName = Release;
		};
		D941ACB126E2787400018E57 /* Build configuration list for PBXNativeTarget "SodaPopcornUITests" */ = {
			isa = XCConfigurationList;
			buildConfigurations = (
				D941ACB226E2787400018E57 /* Debug */,
				D941ACB326E2787400018E57 /* Release */,
			);
			defaultConfigurationIsVisible = 0;
			defaultConfigurationName = Release;
		};
		D9449B4026E4E9E3006B3856 /* Build configuration list for PBXNativeTarget "Networking" */ = {
			isa = XCConfigurationList;
			buildConfigurations = (
				D9449B4126E4E9E3006B3856 /* Debug */,
				D9449B4226E4E9E3006B3856 /* Release */,
			);
			defaultConfigurationIsVisible = 0;
			defaultConfigurationName = Release;
		};
		D9449B4426E4E9E3006B3856 /* Build configuration list for PBXNativeTarget "NetworkingTests" */ = {
			isa = XCConfigurationList;
			buildConfigurations = (
				D9449B4526E4E9E3006B3856 /* Debug */,
				D9449B4626E4E9E3006B3856 /* Release */,
			);
			defaultConfigurationIsVisible = 0;
			defaultConfigurationName = Release;
		};
/* End XCConfigurationList section */

/* Begin XCRemoteSwiftPackageReference section */
		CF59906D271C93980084E52E /* XCRemoteSwiftPackageReference "Reachability" */ = {
			isa = XCRemoteSwiftPackageReference;
			repositoryURL = "https://github.com/ashleymills/Reachability.swift";
			requirement = {
				kind = upToNextMajorVersion;
				minimumVersion = 5.1.0;
			};
		};
/* End XCRemoteSwiftPackageReference section */

/* Begin XCSwiftPackageProductDependency section */
		CF59906E271C93980084E52E /* Reachability */ = {
			isa = XCSwiftPackageProductDependency;
			package = CF59906D271C93980084E52E /* XCRemoteSwiftPackageReference "Reachability" */;
			productName = Reachability;
		};
/* End XCSwiftPackageProductDependency section */

/* Begin XCVersionGroup section */
		D941AC8726E2787100018E57 /* SodaPopcorn.xcdatamodeld */ = {
			isa = XCVersionGroup;
			children = (
				D941AC8826E2787100018E57 /* SodaPopcorn.xcdatamodel */,
			);
			currentVersion = D941AC8826E2787100018E57 /* SodaPopcorn.xcdatamodel */;
			path = SodaPopcorn.xcdatamodeld;
			sourceTree = "<group>";
			versionGroupType = wrapper.xcdatamodel;
		};
/* End XCVersionGroup section */
	};
	rootObject = D941AC7626E2787100018E57 /* Project object */;
}
